
Microsoft Visual Studio Solution File, Format Version 12.00
# Visual Studio Version 17
VisualStudioVersion = 17.0.32014.148
MinimumVisualStudioVersion = 10.0.40219.1
Project("{9A19103F-16F7-4668-BE54-9A1E7A4F7556}") = "Aetly", "Aetly\Aetly.csproj", "{D2A94E28-C13A-49CB-AA41-06B2CC0CC205}"
EndProject
Project("{FAE04EC0-301F-11D3-BF4B-00C04F79EFBC}") = "ConsoleApp1", "ConsoleApp1\ConsoleApp1.csproj", "{0EA5E427-6EF1-4CAE-8CC1-B237D89BBEC0}"
EndProject
Global
	GlobalSection(SolutionConfigurationPlatforms) = preSolution
		Debug|Any CPU = Debug|Any CPU
		Release|Any CPU = Release|Any CPU
	EndGlobalSection
	GlobalSection(ProjectConfigurationPlatforms) = postSolution
		{D2A94E28-C13A-49CB-AA41-06B2CC0CC205}.Debug|Any CPU.ActiveCfg = Debug|Any CPU
		{D2A94E28-C13A-49CB-AA41-06B2CC0CC205}.Debug|Any CPU.Build.0 = Debug|Any CPU
		{D2A94E28-C13A-49CB-AA41-06B2CC0CC205}.Release|Any CPU.ActiveCfg = Release|Any CPU
		{D2A94E28-C13A-49CB-AA41-06B2CC0CC205}.Release|Any CPU.Build.0 = Release|Any CPU
		{0EA5E427-6EF1-4CAE-8CC1-B237D89BBEC0}.Debug|Any CPU.ActiveCfg = Debug|Any CPU
		{0EA5E427-6EF1-4CAE-8CC1-B237D89BBEC0}.Debug|Any CPU.Build.0 = Debug|Any CPU
		{0EA5E427-6EF1-4CAE-8CC1-B237D89BBEC0}.Release|Any CPU.ActiveCfg = Release|Any CPU
		{0EA5E427-6EF1-4CAE-8CC1-B237D89BBEC0}.Release|Any CPU.Build.0 = Release|Any CPU
	EndGlobalSection
	GlobalSection(SolutionProperties) = preSolution
		HideSolutionNode = FALSE
	EndGlobalSection
	GlobalSection(ExtensibilityGlobals) = postSolution
		SolutionGuid = {B6107A3C-7E01-45AB-9BBB-598FE7D4A1BE}
	EndGlobalSection
EndGlobal
